// !$*UTF8*$!
{
	archiveVersion = 1;
	classes = {
	};
	objectVersion = 46;
	objects = {

/* Begin PBXBuildFile section */
		C64919CD1CBF41B500580F3D /* main.m in Sources */ = {isa = PBXBuildFile; fileRef = C64919CC1CBF41B500580F3D /* main.m */; };
		C64919D01CBF41B500580F3D /* AppDelegate.m in Sources */ = {isa = PBXBuildFile; fileRef = C64919CF1CBF41B500580F3D /* AppDelegate.m */; };
		C64919D31CBF41B500580F3D /* RootViewController.m in Sources */ = {isa = PBXBuildFile; fileRef = C64919D21CBF41B500580F3D /* RootViewController.m */; };
		C64919D61CBF41B500580F3D /* DataViewController.m in Sources */ = {isa = PBXBuildFile; fileRef = C64919D51CBF41B500580F3D /* DataViewController.m */; };
		C64919D91CBF41B500580F3D /* ModelController.m in Sources */ = {isa = PBXBuildFile; fileRef = C64919D81CBF41B500580F3D /* ModelController.m */; };
		C64919DC1CBF41B500580F3D /* Main.storyboard in Resources */ = {isa = PBXBuildFile; fileRef = C64919DA1CBF41B500580F3D /* Main.storyboard */; };
		C64919DE1CBF41B500580F3D /* Assets.xcassets in Resources */ = {isa = PBXBuildFile; fileRef = C64919DD1CBF41B500580F3D /* Assets.xcassets */; };
		C64919E11CBF41B500580F3D /* LaunchScreen.storyboard in Resources */ = {isa = PBXBuildFile; fileRef = C64919DF1CBF41B500580F3D /* LaunchScreen.storyboard */; };
		C64919EC1CBF41B500580F3D /* RouteProTests.m in Sources */ = {isa = PBXBuildFile; fileRef = C64919EB1CBF41B500580F3D /* RouteProTests.m */; };
		C64919F71CBF41B500580F3D /* RouteProUITests.m in Sources */ = {isa = PBXBuildFile; fileRef = C64919F61CBF41B500580F3D /* RouteProUITests.m */; };
/* End PBXBuildFile section */

/* Begin PBXContainerItemProxy section */
		C64919E81CBF41B500580F3D /* PBXContainerItemProxy */ = {
			isa = PBXContainerItemProxy;
			containerPortal = C64919C01CBF41B500580F3D /* Project object */;
			proxyType = 1;
			remoteGlobalIDString = C64919C71CBF41B500580F3D;
			remoteInfo = RoutePro;
		};
		C64919F31CBF41B500580F3D /* PBXContainerItemProxy */ = {
			isa = PBXContainerItemProxy;
			containerPortal = C64919C01CBF41B500580F3D /* Project object */;
			proxyType = 1;
			remoteGlobalIDString = C64919C71CBF41B500580F3D;
			remoteInfo = RoutePro;
		};
/* End PBXContainerItemProxy section */

/* Begin PBXFileReference section */
		C64919C81CBF41B500580F3D /* RoutePro.app */ = {isa = PBXFileReference; explicitFileType = wrapper.application; includeInIndex = 0; path = RoutePro.app; sourceTree = BUILT_PRODUCTS_DIR; };
		C64919CC1CBF41B500580F3D /* main.m */ = {isa = PBXFileReference; lastKnownFileType = sourcecode.c.objc; path = main.m; sourceTree = "<group>"; };
		C64919CE1CBF41B500580F3D /* AppDelegate.h */ = {isa = PBXFileReference; lastKnownFileType = sourcecode.c.h; path = AppDelegate.h; sourceTree = "<group>"; };
		C64919CF1CBF41B500580F3D /* AppDelegate.m */ = {isa = PBXFileReference; lastKnownFileType = sourcecode.c.objc; path = AppDelegate.m; sourceTree = "<group>"; };
		C64919D11CBF41B500580F3D /* RootViewController.h */ = {isa = PBXFileReference; lastKnownFileType = sourcecode.c.h; path = RootViewController.h; sourceTree = "<group>"; };
		C64919D21CBF41B500580F3D /* RootViewController.m */ = {isa = PBXFileReference; lastKnownFileType = sourcecode.c.objc; path = RootViewController.m; sourceTree = "<group>"; };
		C64919D41CBF41B500580F3D /* DataViewController.h */ = {isa = PBXFileReference; lastKnownFileType = sourcecode.c.h; path = DataViewController.h; sourceTree = "<group>"; };
		C64919D51CBF41B500580F3D /* DataViewController.m */ = {isa = PBXFileReference; lastKnownFileType = sourcecode.c.objc; path = DataViewController.m; sourceTree = "<group>"; };
		C64919D71CBF41B500580F3D /* ModelController.h */ = {isa = PBXFileReference; lastKnownFileType = sourcecode.c.h; path = ModelController.h; sourceTree = "<group>"; };
		C64919D81CBF41B500580F3D /* ModelController.m */ = {isa = PBXFileReference; lastKnownFileType = sourcecode.c.objc; path = ModelController.m; sourceTree = "<group>"; };
		C64919DB1CBF41B500580F3D /* Base */ = {isa = PBXFileReference; lastKnownFileType = file.storyboard; name = Base; path = Base.lproj/Main.storyboard; sourceTree = "<group>"; };
		C64919DD1CBF41B500580F3D /* Assets.xcassets */ = {isa = PBXFileReference; lastKnownFileType = folder.assetcatalog; path = Assets.xcassets; sourceTree = "<group>"; };
		C64919E01CBF41B500580F3D /* Base */ = {isa = PBXFileReference; lastKnownFileType = file.storyboard; name = Base; path = Base.lproj/LaunchScreen.storyboard; sourceTree = "<group>"; };
		C64919E21CBF41B500580F3D /* Info.plist */ = {isa = PBXFileReference; lastKnownFileType = text.plist.xml; path = Info.plist; sourceTree = "<group>"; };
		C64919E71CBF41B500580F3D /* RouteProTests.xctest */ = {isa = PBXFileReference; explicitFileType = wrapper.cfbundle; includeInIndex = 0; path = RouteProTests.xctest; sourceTree = BUILT_PRODUCTS_DIR; };
		C64919EB1CBF41B500580F3D /* RouteProTests.m */ = {isa = PBXFileReference; lastKnownFileType = sourcecode.c.objc; path = RouteProTests.m; sourceTree = "<group>"; };
		C64919ED1CBF41B500580F3D /* Info.plist */ = {isa = PBXFileReference; lastKnownFileType = text.plist.xml; path = Info.plist; sourceTree = "<group>"; };
		C64919F21CBF41B500580F3D /* RouteProUITests.xctest */ = {isa = PBXFileReference; explicitFileType = wrapper.cfbundle; includeInIndex = 0; path = RouteProUITests.xctest; sourceTree = BUILT_PRODUCTS_DIR; };
		C64919F61CBF41B500580F3D /* RouteProUITests.m */ = {isa = PBXFileReference; lastKnownFileType = sourcecode.c.objc; path = RouteProUITests.m; sourceTree = "<group>"; };
		C64919F81CBF41B500580F3D /* Info.plist */ = {isa = PBXFileReference; lastKnownFileType = text.plist.xml; path = Info.plist; sourceTree = "<group>"; };
/* End PBXFileReference section */

/* Begin PBXFrameworksBuildPhase section */
		C64919C51CBF41B500580F3D /* Frameworks */ = {
			isa = PBXFrameworksBuildPhase;
			buildActionMask = 2147483647;
			files = (
			);
			runOnlyForDeploymentPostprocessing = 0;
		};
		C64919E41CBF41B500580F3D /* Frameworks */ = {
			isa = PBXFrameworksBuildPhase;
			buildActionMask = 2147483647;
			files = (
			);
			runOnlyForDeploymentPostprocessing = 0;
		};
		C64919EF1CBF41B500580F3D /* Frameworks */ = {
			isa = PBXFrameworksBuildPhase;
			buildActionMask = 2147483647;
			files = (
			);
			runOnlyForDeploymentPostprocessing = 0;
		};
/* End PBXFrameworksBuildPhase section */

/* Begin PBXGroup section */
		C64919BF1CBF41B500580F3D = {
			isa = PBXGroup;
			children = (
				C64919CA1CBF41B500580F3D /* RoutePro */,
				C64919EA1CBF41B500580F3D /* RouteProTests */,
				C64919F51CBF41B500580F3D /* RouteProUITests */,
				C64919C91CBF41B500580F3D /* Products */,
			);
			sourceTree = "<group>";
		};
		C64919C91CBF41B500580F3D /* Products */ = {
			isa = PBXGroup;
			children = (
				C64919C81CBF41B500580F3D /* RoutePro.app */,
				C64919E71CBF41B500580F3D /* RouteProTests.xctest */,
				C64919F21CBF41B500580F3D /* RouteProUITests.xctest */,
			);
			name = Products;
			sourceTree = "<group>";
		};
		C64919CA1CBF41B500580F3D /* RoutePro */ = {
			isa = PBXGroup;
			children = (
				C64919CE1CBF41B500580F3D /* AppDelegate.h */,
				C64919CF1CBF41B500580F3D /* AppDelegate.m */,
				C64919D11CBF41B500580F3D /* RootViewController.h */,
				C64919D21CBF41B500580F3D /* RootViewController.m */,
				C64919D41CBF41B500580F3D /* DataViewController.h */,
				C64919D51CBF41B500580F3D /* DataViewController.m */,
				C64919D71CBF41B500580F3D /* ModelController.h */,
				C64919D81CBF41B500580F3D /* ModelController.m */,
				C64919DA1CBF41B500580F3D /* Main.storyboard */,
				C64919DD1CBF41B500580F3D /* Assets.xcassets */,
				C64919DF1CBF41B500580F3D /* LaunchScreen.storyboard */,
				C64919E21CBF41B500580F3D /* Info.plist */,
				C64919CB1CBF41B500580F3D /* Supporting Files */,
			);
			path = RoutePro;
			sourceTree = "<group>";
		};
		C64919CB1CBF41B500580F3D /* Supporting Files */ = {
			isa = PBXGroup;
			children = (
				C64919CC1CBF41B500580F3D /* main.m */,
			);
			name = "Supporting Files";
			sourceTree = "<group>";
		};
		C64919EA1CBF41B500580F3D /* RouteProTests */ = {
			isa = PBXGroup;
			children = (
				C64919EB1CBF41B500580F3D /* RouteProTests.m */,
				C64919ED1CBF41B500580F3D /* Info.plist */,
			);
			path = RouteProTests;
			sourceTree = "<group>";
		};
		C64919F51CBF41B500580F3D /* RouteProUITests */ = {
			isa = PBXGroup;
			children = (
				C64919F61CBF41B500580F3D /* RouteProUITests.m */,
				C64919F81CBF41B500580F3D /* Info.plist */,
			);
			path = RouteProUITests;
			sourceTree = "<group>";
		};
/* End PBXGroup section */

/* Begin PBXNativeTarget section */
		C64919C71CBF41B500580F3D /* RoutePro */ = {
			isa = PBXNativeTarget;
			buildConfigurationList = C64919FB1CBF41B500580F3D /* Build configuration list for PBXNativeTarget "RoutePro" */;
			buildPhases = (
				C64919C41CBF41B500580F3D /* Sources */,
				C64919C51CBF41B500580F3D /* Frameworks */,
				C64919C61CBF41B500580F3D /* Resources */,
			);
			buildRules = (
			);
			dependencies = (
			);
			name = RoutePro;
			productName = RoutePro;
			productReference = C64919C81CBF41B500580F3D /* RoutePro.app */;
			productType = "com.apple.product-type.application";
		};
		C64919E61CBF41B500580F3D /* RouteProTests */ = {
			isa = PBXNativeTarget;
			buildConfigurationList = C64919FE1CBF41B500580F3D /* Build configuration list for PBXNativeTarget "RouteProTests" */;
			buildPhases = (
				C64919E31CBF41B500580F3D /* Sources */,
				C64919E41CBF41B500580F3D /* Frameworks */,
				C64919E51CBF41B500580F3D /* Resources */,
			);
			buildRules = (
			);
			dependencies = (
				C64919E91CBF41B500580F3D /* PBXTargetDependency */,
			);
			name = RouteProTests;
			productName = RouteProTests;
			productReference = C64919E71CBF41B500580F3D /* RouteProTests.xctest */;
			productType = "com.apple.product-type.bundle.unit-test";
		};
		C64919F11CBF41B500580F3D /* RouteProUITests */ = {
			isa = PBXNativeTarget;
			buildConfigurationList = C6491A011CBF41B500580F3D /* Build configuration list for PBXNativeTarget "RouteProUITests" */;
			buildPhases = (
				C64919EE1CBF41B500580F3D /* Sources */,
				C64919EF1CBF41B500580F3D /* Frameworks */,
				C64919F01CBF41B500580F3D /* Resources */,
			);
			buildRules = (
			);
			dependencies = (
				C64919F41CBF41B500580F3D /* PBXTargetDependency */,
			);
			name = RouteProUITests;
			productName = RouteProUITests;
			productReference = C64919F21CBF41B500580F3D /* RouteProUITests.xctest */;
			productType = "com.apple.product-type.bundle.ui-testing";
		};
/* End PBXNativeTarget section */

/* Begin PBXProject section */
		C64919C01CBF41B500580F3D /* Project object */ = {
			isa = PBXProject;
			attributes = {
				LastUpgradeCheck = 0710;
				ORGANIZATIONNAME = nyu.edu;
				TargetAttributes = {
					C64919C71CBF41B500580F3D = {
						CreatedOnToolsVersion = 7.1.1;
						DevelopmentTeam = BYFT88MVWA;
					};
					C64919E61CBF41B500580F3D = {
						CreatedOnToolsVersion = 7.1.1;
						DevelopmentTeam = BYFT88MVWA;
						TestTargetID = C64919C71CBF41B500580F3D;
					};
					C64919F11CBF41B500580F3D = {
						CreatedOnToolsVersion = 7.1.1;
						DevelopmentTeam = BYFT88MVWA;
						TestTargetID = C64919C71CBF41B500580F3D;
					};
				};
			};
			buildConfigurationList = C64919C31CBF41B500580F3D /* Build configuration list for PBXProject "RoutePro" */;
			compatibilityVersion = "Xcode 3.2";
			developmentRegion = English;
			hasScannedForEncodings = 0;
			knownRegions = (
				en,
				Base,
			);
			mainGroup = C64919BF1CBF41B500580F3D;
			productRefGroup = C64919C91CBF41B500580F3D /* Products */;
			projectDirPath = "";
			projectRoot = "";
			targets = (
				C64919C71CBF41B500580F3D /* RoutePro */,
				C64919E61CBF41B500580F3D /* RouteProTests */,
				C64919F11CBF41B500580F3D /* RouteProUITests */,
			);
		};
/* End PBXProject section */

/* Begin PBXResourcesBuildPhase section */
		C64919C61CBF41B500580F3D /* Resources */ = {
			isa = PBXResourcesBuildPhase;
			buildActionMask = 2147483647;
			files = (
				C64919E11CBF41B500580F3D /* LaunchScreen.storyboard in Resources */,
				C64919DE1CBF41B500580F3D /* Assets.xcassets in Resources */,
				C64919DC1CBF41B500580F3D /* Main.storyboard in Resources */,
			);
			runOnlyForDeploymentPostprocessing = 0;
		};
		C64919E51CBF41B500580F3D /* Resources */ = {
			isa = PBXResourcesBuildPhase;
			buildActionMask = 2147483647;
			files = (
			);
			runOnlyForDeploymentPostprocessing = 0;
		};
		C64919F01CBF41B500580F3D /* Resources */ = {
			isa = PBXResourcesBuildPhase;
			buildActionMask = 2147483647;
			files = (
			);
			runOnlyForDeploymentPostprocessing = 0;
		};
/* End PBXResourcesBuildPhase section */

/* Begin PBXSourcesBuildPhase section */
		C64919C41CBF41B500580F3D /* Sources */ = {
			isa = PBXSourcesBuildPhase;
			buildActionMask = 2147483647;
			files = (
				C64919D61CBF41B500580F3D /* DataViewController.m in Sources */,
				C64919D01CBF41B500580F3D /* AppDelegate.m in Sources */,
				C64919D91CBF41B500580F3D /* ModelController.m in Sources */,
				C64919CD1CBF41B500580F3D /* main.m in Sources */,
				C64919D31CBF41B500580F3D /* RootViewController.m in Sources */,
			);
			runOnlyForDeploymentPostprocessing = 0;
		};
		C64919E31CBF41B500580F3D /* Sources */ = {
			isa = PBXSourcesBuildPhase;
			buildActionMask = 2147483647;
			files = (
				C64919EC1CBF41B500580F3D /* RouteProTests.m in Sources */,
			);
			runOnlyForDeploymentPostprocessing = 0;
		};
		C64919EE1CBF41B500580F3D /* Sources */ = {
			isa = PBXSourcesBuildPhase;
			buildActionMask = 2147483647;
			files = (
				C64919F71CBF41B500580F3D /* RouteProUITests.m in Sources */,
			);
			runOnlyForDeploymentPostprocessing = 0;
		};
/* End PBXSourcesBuildPhase section */

/* Begin PBXTargetDependency section */
		C64919E91CBF41B500580F3D /* PBXTargetDependency */ = {
			isa = PBXTargetDependency;
			target = C64919C71CBF41B500580F3D /* RoutePro */;
			targetProxy = C64919E81CBF41B500580F3D /* PBXContainerItemProxy */;
		};
		C64919F41CBF41B500580F3D /* PBXTargetDependency */ = {
			isa = PBXTargetDependency;
			target = C64919C71CBF41B500580F3D /* RoutePro */;
			targetProxy = C64919F31CBF41B500580F3D /* PBXContainerItemProxy */;
		};
/* End PBXTargetDependency section */

/* Begin PBXVariantGroup section */
		C64919DA1CBF41B500580F3D /* Main.storyboard */ = {
			isa = PBXVariantGroup;
			children = (
				C64919DB1CBF41B500580F3D /* Base */,
			);
			name = Main.storyboard;
			sourceTree = "<group>";
		};
		C64919DF1CBF41B500580F3D /* LaunchScreen.storyboard */ = {
			isa = PBXVariantGroup;
			children = (
				C64919E01CBF41B500580F3D /* Base */,
			);
			name = LaunchScreen.storyboard;
			sourceTree = "<group>";
		};
/* End PBXVariantGroup section */

/* Begin XCBuildConfiguration section */
		C64919F91CBF41B500580F3D /* Debug */ = {
			isa = XCBuildConfiguration;
			buildSettings = {
				ALWAYS_SEARCH_USER_PATHS = NO;
				CLANG_CXX_LANGUAGE_STANDARD = "gnu++0x";
				CLANG_CXX_LIBRARY = "libc++";
				CLANG_ENABLE_MODULES = YES;
				CLANG_ENABLE_OBJC_ARC = YES;
				CLANG_WARN_BOOL_CONVERSION = YES;
				CLANG_WARN_CONSTANT_CONVERSION = YES;
				CLANG_WARN_DIRECT_OBJC_ISA_USAGE = YES_ERROR;
				CLANG_WARN_EMPTY_BODY = YES;
				CLANG_WARN_ENUM_CONVERSION = YES;
				CLANG_WARN_INT_CONVERSION = YES;
				CLANG_WARN_OBJC_ROOT_CLASS = YES_ERROR;
				CLANG_WARN_UNREACHABLE_CODE = YES;
				CLANG_WARN__DUPLICATE_METHOD_MATCH = YES;
				"CODE_SIGN_IDENTITY[sdk=iphoneos*]" = "iPhone Developer";
				COPY_PHASE_STRIP = NO;
				DEBUG_INFORMATION_FORMAT = dwarf;
				ENABLE_STRICT_OBJC_MSGSEND = YES;
				ENABLE_TESTABILITY = YES;
				GCC_C_LANGUAGE_STANDARD = gnu99;
				GCC_DYNAMIC_NO_PIC = NO;
				GCC_NO_COMMON_BLOCKS = YES;
				GCC_OPTIMIZATION_LEVEL = 0;
				GCC_PREPROCESSOR_DEFINITIONS = (
					"DEBUG=1",
					"$(inherited)",
				);
				GCC_WARN_64_TO_32_BIT_CONVERSION = YES;
				GCC_WARN_ABOUT_RETURN_TYPE = YES_ERROR;
				GCC_WARN_UNDECLARED_SELECTOR = YES;
				GCC_WARN_UNINITIALIZED_AUTOS = YES_AGGRESSIVE;
				GCC_WARN_UNUSED_FUNCTION = YES;
				GCC_WARN_UNUSED_VARIABLE = YES;
				IPHONEOS_DEPLOYMENT_TARGET = 9.1;
				MTL_ENABLE_DEBUG_INFO = YES;
				ONLY_ACTIVE_ARCH = YES;
				SDKROOT = iphoneos;
				TARGETED_DEVICE_FAMILY = "1,2";
			};
			name = Debug;
		};
		C64919FA1CBF41B500580F3D /* Release */ = {
			isa = XCBuildConfiguration;
			buildSettings = {
				ALWAYS_SEARCH_USER_PATHS = NO;
				CLANG_CXX_LANGUAGE_STANDARD = "gnu++0x";
				CLANG_CXX_LIBRARY = "libc++";
				CLANG_ENABLE_MODULES = YES;
				CLANG_ENABLE_OBJC_ARC = YES;
				CLANG_WARN_BOOL_CONVERSION = YES;
				CLANG_WARN_CONSTANT_CONVERSION = YES;
				CLANG_WARN_DIRECT_OBJC_ISA_USAGE = YES_ERROR;
				CLANG_WARN_EMPTY_BODY = YES;
				CLANG_WARN_ENUM_CONVERSION = YES;
				CLANG_WARN_INT_CONVERSION = YES;
				CLANG_WARN_OBJC_ROOT_CLASS = YES_ERROR;
				CLANG_WARN_UNREACHABLE_CODE = YES;
				CLANG_WARN__DUPLICATE_METHOD_MATCH = YES;
				"CODE_SIGN_IDENTITY[sdk=iphoneos*]" = "iPhone Developer";
				COPY_PHASE_STRIP = NO;
				DEBUG_INFORMATION_FORMAT = "dwarf-with-dsym";
				ENABLE_NS_ASSERTIONS = NO;
				ENABLE_STRICT_OBJC_MSGSEND = YES;
				GCC_C_LANGUAGE_STANDARD = gnu99;
				GCC_NO_COMMON_BLOCKS = YES;
				GCC_WARN_64_TO_32_BIT_CONVERSION = YES;
				GCC_WARN_ABOUT_RETURN_TYPE = YES_ERROR;
				GCC_WARN_UNDECLARED_SELECTOR = YES;
				GCC_WARN_UNINITIALIZED_AUTOS = YES_AGGRESSIVE;
				GCC_WARN_UNUSED_FUNCTION = YES;
				GCC_WARN_UNUSED_VARIABLE = YES;
				IPHONEOS_DEPLOYMENT_TARGET = 9.1;
				MTL_ENABLE_DEBUG_INFO = NO;
				SDKROOT = iphoneos;
				TARGETED_DEVICE_FAMILY = "1,2";
				VALIDATE_PRODUCT = YES;
			};
			name = Release;
		};
		C64919FC1CBF41B500580F3D /* Debug */ = {
			isa = XCBuildConfiguration;
			buildSettings = {
				ASSETCATALOG_COMPILER_APPICON_NAME = AppIcon;
				INFOPLIST_FILE = RoutePro/Info.plist;
				LD_RUNPATH_SEARCH_PATHS = "$(inherited) @executable_path/Frameworks";
				PRODUCT_BUNDLE_IDENTIFIER = nyu.edu.RoutePro;
				PRODUCT_NAME = "$(TARGET_NAME)";
			};
			name = Debug;
		};
		C64919FD1CBF41B500580F3D /* Release */ = {
			isa = XCBuildConfiguration;
			buildSettings = {
				ASSETCATALOG_COMPILER_APPICON_NAME = AppIcon;
				INFOPLIST_FILE = RoutePro/Info.plist;
				LD_RUNPATH_SEARCH_PATHS = "$(inherited) @executable_path/Frameworks";
				PRODUCT_BUNDLE_IDENTIFIER = nyu.edu.RoutePro;
				PRODUCT_NAME = "$(TARGET_NAME)";
			};
			name = Release;
		};
		C64919FF1CBF41B500580F3D /* Debug */ = {
			isa = XCBuildConfiguration;
			buildSettings = {
				BUNDLE_LOADER = "$(TEST_HOST)";
				INFOPLIST_FILE = RouteProTests/Info.plist;
				LD_RUNPATH_SEARCH_PATHS = "$(inherited) @executable_path/Frameworks @loader_path/Frameworks";
				PRODUCT_BUNDLE_IDENTIFIER = nyu.edu.RouteProTests;
				PRODUCT_NAME = "$(TARGET_NAME)";
				TEST_HOST = "$(BUILT_PRODUCTS_DIR)/RoutePro.app/RoutePro";
			};
			name = Debug;
		};
		C6491A001CBF41B500580F3D /* Release */ = {
			isa = XCBuildConfiguration;
			buildSettings = {
				BUNDLE_LOADER = "$(TEST_HOST)";
				INFOPLIST_FILE = RouteProTests/Info.plist;
				LD_RUNPATH_SEARCH_PATHS = "$(inherited) @executable_path/Frameworks @loader_path/Frameworks";
				PRODUCT_BUNDLE_IDENTIFIER = nyu.edu.RouteProTests;
				PRODUCT_NAME = "$(TARGET_NAME)";
				TEST_HOST = "$(BUILT_PRODUCTS_DIR)/RoutePro.app/RoutePro";
			};
			name = Release;
		};
		C6491A021CBF41B500580F3D /* Debug */ = {
			isa = XCBuildConfiguration;
			buildSettings = {
				INFOPLIST_FILE = RouteProUITests/Info.plist;
				LD_RUNPATH_SEARCH_PATHS = "$(inherited) @executable_path/Frameworks @loader_path/Frameworks";
				PRODUCT_BUNDLE_IDENTIFIER = nyu.edu.RouteProUITests;
				PRODUCT_NAME = "$(TARGET_NAME)";
				TEST_TARGET_NAME = RoutePro;
				USES_XCTRUNNER = YES;
			};
			name = Debug;
		};
		C6491A031CBF41B500580F3D /* Release */ = {
			isa = XCBuildConfiguration;
			buildSettings = {
				INFOPLIST_FILE = RouteProUITests/Info.plist;
				LD_RUNPATH_SEARCH_PATHS = "$(inherited) @executable_path/Frameworks @loader_path/Frameworks";
				PRODUCT_BUNDLE_IDENTIFIER = nyu.edu.RouteProUITests;
				PRODUCT_NAME = "$(TARGET_NAME)";
				TEST_TARGET_NAME = RoutePro;
				USES_XCTRUNNER = YES;
			};
			name = Release;
		};
/* End XCBuildConfiguration section */

/* Begin XCConfigurationList section */
		C64919C31CBF41B500580F3D /* Build configuration list for PBXProject "RoutePro" */ = {
			isa = XCConfigurationList;
			buildConfigurations = (
				C64919F91CBF41B500580F3D /* Debug */,
				C64919FA1CBF41B500580F3D /* Release */,
			);
			defaultConfigurationIsVisible = 0;
			defaultConfigurationName = Release;
		};
		C64919FB1CBF41B500580F3D /* Build configuration list for PBXNativeTarget "RoutePro" */ = {
			isa = XCConfigurationList;
			buildConfigurations = (
				C64919FC1CBF41B500580F3D /* Debug */,
				C64919FD1CBF41B500580F3D /* Release */,
			);
			defaultConfigurationIsVisible = 0;
		};
		C64919FE1CBF41B500580F3D /* Build configuration list for PBXNativeTarget "RouteProTests" */ = {
			isa = XCConfigurationList;
			buildConfigurations = (
				C64919FF1CBF41B500580F3D /* Debug */,
				C6491A001CBF41B500580F3D /* Release */,
			);
			defaultConfigurationIsVisible = 0;
		};
		C6491A011CBF41B500580F3D /* Build configuration list for PBXNativeTarget "RouteProUITests" */ = {
			isa = XCConfigurationList;
			buildConfigurations = (
				C6491A021CBF41B500580F3D /* Debug */,
				C6491A031CBF41B500580F3D /* Release */,
			);
			defaultConfigurationIsVisible = 0;
		};
/* End XCConfigurationList section */
	};
	rootObject = C64919C01CBF41B500580F3D /* Project object */;
}
